
Microsoft Visual Studio Solution File, Format Version 12.00
# Visual Studio Version 17
VisualStudioVersion = 17.14.36221.1 d17.14
MinimumVisualStudioVersion = 10.0.40219.1
Project("{8BC9CEB8-8B4A-11D0-8D11-00A0C91BC942}") = "TradingSystem-CTeam", "TradingSystem-CTeam\TradingSystem-CTeam.vcxproj", "{24C1A719-B2BE-42F4-BF57-7A1D889B737F}"
EndProject
Project("{2150E333-8FDC-42A3-9474-1A3956D46DE8}") = "솔루션 항목", "솔루션 항목", "{2A3A057F-5D22-31FD-628C-DF5EF75AEF1E}"
	ProjectSection(SolutionItems) = preProject
		.gitignore = .gitignore
	EndProjectSection
EndProject
Global
	GlobalSection(SolutionConfigurationPlatforms) = preSolution
		Debug|x64 = Debug|x64
		Debug|x86 = Debug|x86
		Release|x64 = Release|x64
		Release|x86 = Release|x86
	EndGlobalSection
	GlobalSection(ProjectConfigurationPlatforms) = postSolution
		{24C1A719-B2BE-42F4-BF57-7A1D889B737F}.Debug|x64.ActiveCfg = Debug|x64
		{24C1A719-B2BE-42F4-BF57-7A1D889B737F}.Debug|x64.Build.0 = Debug|x64
		{24C1A719-B2BE-42F4-BF57-7A1D889B737F}.Debug|x86.ActiveCfg = Debug|Win32
		{24C1A719-B2BE-42F4-BF57-7A1D889B737F}.Debug|x86.Build.0 = Debug|Win32
		{24C1A719-B2BE-42F4-BF57-7A1D889B737F}.Release|x64.ActiveCfg = Release|x64
		{24C1A719-B2BE-42F4-BF57-7A1D889B737F}.Release|x64.Build.0 = Release|x64
		{24C1A719-B2BE-42F4-BF57-7A1D889B737F}.Release|x86.ActiveCfg = Release|Win32
		{24C1A719-B2BE-42F4-BF57-7A1D889B737F}.Release|x86.Build.0 = Release|Win32
	EndGlobalSection
	GlobalSection(SolutionProperties) = preSolution
		HideSolutionNode = FALSE
	EndGlobalSection
	GlobalSection(ExtensibilityGlobals) = postSolution
		SolutionGuid = {9D7DFE1D-2B1E-4AEC-A751-F0829DD228C2}
	EndGlobalSection
EndGlobal
